# THIS IS AN AUTOGENERATED FILE. DO NOT EDIT THIS FILE DIRECTLY.
# yarn lockfile v1


"@antfu/utils@^0.6.3":
  version "0.6.3"
  resolved "https://registry.yarnpkg.com/@antfu/utils/-/utils-0.6.3.tgz#0bc85e4368c83a18590682276a69fbae61a0f1f3"
  integrity sha512-sEYpyyKUPOew9QsXZ8feRVMzW6DWLviwOl+/ap06UQW02A8Srbc95CPHVm4eUbiBzBgD46eyIT+przv//KSSlQ==

"@babel/parser@^7.16.4", "@babel/parser@^7.20.3":
  version "7.20.5"
  resolved "https://registry.yarnpkg.com/@babel/parser/-/parser-7.20.5.tgz#7f3c7335fe417665d929f34ae5dceae4c04015e8"
  integrity sha512-r27t/cy/m9uKLXQNWWebeCUHgnAZq0CpG1OwKRxzJMP1vpSU4bSIK2hq+/cp0bQxetkXx38n09rNu8jVkcK/zA==

"@esbuild/android-arm@0.15.17":
  version "0.15.17"
  resolved "https://registry.yarnpkg.com/@esbuild/android-arm/-/android-arm-0.15.17.tgz#05162390ed2b0f2ae9647a809efb71fba14ddfe7"
  integrity sha512-ay6Ken4u+JStjYmqIgh71jMT0bs/rXpCCDKaMfl78B20QYWJglT5P6Ejfm4hWf6Zi+uUWNe7ZmqakRs2BQYIeg==

"@esbuild/linux-loong64@0.15.17":
  version "0.15.17"
  resolved "https://registry.yarnpkg.com/@esbuild/linux-loong64/-/linux-loong64-0.15.17.tgz#870daa61c257dfa0ee4f0ed71704d55e9af8e20c"
  integrity sha512-IA1O7f7qxw2DX8oqTpugHElr926phs7Rq8ULXleBMk4go5K05BU0mI8BfCkWcYAvcmVaMc13bv5W3LIUlU6Y9w==

"@rollup/pluginutils@^4.2.1":
  version "4.2.1"
  resolved "https://registry.yarnpkg.com/@rollup/pluginutils/-/pluginutils-4.2.1.tgz#e6c6c3aba0744edce3fb2074922d3776c0af2a6d"
  integrity sha512-iKnFXr7NkdZAIHiIWE+BX5ULi/ucVFYWD6TbAV+rZctiRTY2PL6tsIKhoIOaoskiWAkgu+VsbXgUVDNLHf+InQ==
  dependencies:
    estree-walker "^2.0.1"
    picomatch "^2.2.2"

"@rollup/pluginutils@^5.0.2":
  version "5.0.2"
  resolved "https://registry.yarnpkg.com/@rollup/pluginutils/-/pluginutils-5.0.2.tgz#012b8f53c71e4f6f9cb317e311df1404f56e7a33"
  integrity sha512-pTd9rIsP92h+B6wWwFbW8RkZv4hiR/xKsqre4SIuAOaOEQRxi0lqLke9k2/7WegC85GgUs9pjmOjCUi3In4vwA==
  dependencies:
    "@types/estree" "^1.0.0"
    estree-walker "^2.0.2"
    picomatch "^2.3.1"

"@types/estree@^1.0.0":
  version "1.0.0"
  resolved "https://registry.yarnpkg.com/@types/estree/-/estree-1.0.0.tgz#5fb2e536c1ae9bf35366eed879e827fa59ca41c2"
  integrity sha512-WulqXMDUTYAXCjZnk6JtIHPigp55cVtDgDrO2gHRwhyJto21+1zbVCtOYB2L1F9w4qCQ0rOGWBnBe0FNTiEJIQ==

"@unhead/dom@^1.0.7":
  version "1.0.7"
  resolved "https://registry.yarnpkg.com/@unhead/dom/-/dom-1.0.7.tgz#0b0e517ea8dd5fed25e99ad162e3eff0987828b3"
  integrity sha512-CbrHx82awA77XikV8S6GiQUWqrI57q4q27ktQ4lolqQoy79q9tF1Pyzdz//Zw/a0g8FaGOjyQRy6Di2ZqLkVxg==
  dependencies:
    "@unhead/schema" "1.0.7"

"@unhead/schema@1.0.7", "@unhead/schema@^1.0.7":
  version "1.0.7"
  resolved "https://registry.yarnpkg.com/@unhead/schema/-/schema-1.0.7.tgz#40f7d801f85bec1fff77daf20aa7f429648662d0"
  integrity sha512-96nh3Hd05tALcpuisy3+g/fQcu88wxu81isYC+0Lb5avn9y71BTwmuf22neX/DprK11aZmpNaJIOTs0iU+OS0w==
  dependencies:
    "@zhead/schema" "^1.0.7"
    hookable "^5.4.2"

"@unhead/ssr@^1.0.7":
  version "1.0.7"
  resolved "https://registry.yarnpkg.com/@unhead/ssr/-/ssr-1.0.7.tgz#1564466ba5bae90c8ad10c86108c42951c20bc94"
  integrity sha512-BJPrJI4nsMaHQjfBZxj/6bfoK4TnzJ11Kqicm/aCtNeZEhYhabRVHVpvKmyBFEcRGQyuZH1S6Ct4QRB8eAnHeQ==
  dependencies:
    "@unhead/schema" "1.0.7"

"@unhead/vue@^1.0.7":
  version "1.0.7"
  resolved "https://registry.yarnpkg.com/@unhead/vue/-/vue-1.0.7.tgz#4dbdb67214f001946e694f073db52d2928c63114"
  integrity sha512-kUlX6TZi4i0if5lV32dHVaEbTQqfXsLSj+MGHs6iLx+dzRHjFGYQkpEyWURNM6jXYqiYTscD0mY2h79MqDXD2Q==
  dependencies:
    "@unhead/schema" "1.0.7"
    hookable "^5.4.2"

"@vitejs/plugin-vue@^3.2.0":
  version "3.2.0"
  resolved "https://registry.yarnpkg.com/@vitejs/plugin-vue/-/plugin-vue-3.2.0.tgz#a1484089dd85d6528f435743f84cdd0d215bbb54"
  integrity sha512-E0tnaL4fr+qkdCNxJ+Xd0yM31UwMkQje76fsDVBBUCoGOUPexu2VDUYHL8P4CwV+zMvWw6nlRw19OnRKmYAJpw==

"@vue/compiler-core@3.2.45":
  version "3.2.45"
  resolved "https://registry.yarnpkg.com/@vue/compiler-core/-/compiler-core-3.2.45.tgz#d9311207d96f6ebd5f4660be129fb99f01ddb41b"
  integrity sha512-rcMj7H+PYe5wBV3iYeUgbCglC+pbpN8hBLTJvRiK2eKQiWqu+fG9F+8sW99JdL4LQi7Re178UOxn09puSXvn4A==
  dependencies:
    "@babel/parser" "^7.16.4"
    "@vue/shared" "3.2.45"
    estree-walker "^2.0.2"
    source-map "^0.6.1"

"@vue/compiler-dom@3.2.45":
  version "3.2.45"
  resolved "https://registry.yarnpkg.com/@vue/compiler-dom/-/compiler-dom-3.2.45.tgz#c43cc15e50da62ecc16a42f2622d25dc5fd97dce"
  integrity sha512-tyYeUEuKqqZO137WrZkpwfPCdiiIeXYCcJ8L4gWz9vqaxzIQRccTSwSWZ/Axx5YR2z+LvpUbmPNXxuBU45lyRw==
  dependencies:
    "@vue/compiler-core" "3.2.45"
    "@vue/shared" "3.2.45"

"@vue/compiler-sfc@3.2.45":
  version "3.2.45"
  resolved "https://registry.yarnpkg.com/@vue/compiler-sfc/-/compiler-sfc-3.2.45.tgz#7f7989cc04ec9e7c55acd406827a2c4e96872c70"
  integrity sha512-1jXDuWah1ggsnSAOGsec8cFjT/K6TMZ0sPL3o3d84Ft2AYZi2jWJgRMjw4iaK0rBfA89L5gw427H4n1RZQBu6Q==
  dependencies:
    "@babel/parser" "^7.16.4"
    "@vue/compiler-core" "3.2.45"
    "@vue/compiler-dom" "3.2.45"
    "@vue/compiler-ssr" "3.2.45"
    "@vue/reactivity-transform" "3.2.45"
    "@vue/shared" "3.2.45"
    estree-walker "^2.0.2"
    magic-string "^0.25.7"
    postcss "^8.1.10"
    source-map "^0.6.1"

"@vue/compiler-ssr@3.2.45":
  version "3.2.45"
  resolved "https://registry.yarnpkg.com/@vue/compiler-ssr/-/compiler-ssr-3.2.45.tgz#bd20604b6e64ea15344d5b6278c4141191c983b2"
  integrity sha512-6BRaggEGqhWht3lt24CrIbQSRD5O07MTmd+LjAn5fJj568+R9eUD2F7wMQJjX859seSlrYog7sUtrZSd7feqrQ==
  dependencies:
    "@vue/compiler-dom" "3.2.45"
    "@vue/shared" "3.2.45"

"@vue/devtools-api@^6.4.5":
  version "6.4.5"
  resolved "https://registry.yarnpkg.com/@vue/devtools-api/-/devtools-api-6.4.5.tgz#d54e844c1adbb1e677c81c665ecef1a2b4bb8380"
  integrity sha512-JD5fcdIuFxU4fQyXUu3w2KpAJHzTVdN+p4iOX2lMWSHMOoQdMAcpFLZzm9Z/2nmsoZ1a96QEhZ26e50xLBsgOQ==

"@vue/reactivity-transform@3.2.45":
  version "3.2.45"
  resolved "https://registry.yarnpkg.com/@vue/reactivity-transform/-/reactivity-transform-3.2.45.tgz#07ac83b8138550c83dfb50db43cde1e0e5e8124d"
  integrity sha512-BHVmzYAvM7vcU5WmuYqXpwaBHjsS8T63jlKGWVtHxAHIoMIlmaMyurUSEs1Zcg46M4AYT5MtB1U274/2aNzjJQ==
  dependencies:
    "@babel/parser" "^7.16.4"
    "@vue/compiler-core" "3.2.45"
    "@vue/shared" "3.2.45"
    estree-walker "^2.0.2"
    magic-string "^0.25.7"

"@vue/reactivity@3.2.45":
  version "3.2.45"
  resolved "https://registry.yarnpkg.com/@vue/reactivity/-/reactivity-3.2.45.tgz#412a45b574de601be5a4a5d9a8cbd4dee4662ff0"
  integrity sha512-PRvhCcQcyEVohW0P8iQ7HDcIOXRjZfAsOds3N99X/Dzewy8TVhTCT4uXpAHfoKjVTJRA0O0K+6QNkDIZAxNi3A==
  dependencies:
    "@vue/shared" "3.2.45"

"@vue/runtime-core@3.2.45":
  version "3.2.45"
  resolved "https://registry.yarnpkg.com/@vue/runtime-core/-/runtime-core-3.2.45.tgz#7ad7ef9b2519d41062a30c6fa001ec43ac549c7f"
  integrity sha512-gzJiTA3f74cgARptqzYswmoQx0fIA+gGYBfokYVhF8YSXjWTUA2SngRzZRku2HbGbjzB6LBYSbKGIaK8IW+s0A==
  dependencies:
    "@vue/reactivity" "3.2.45"
    "@vue/shared" "3.2.45"

"@vue/runtime-dom@3.2.45":
  version "3.2.45"
  resolved "https://registry.yarnpkg.com/@vue/runtime-dom/-/runtime-dom-3.2.45.tgz#1a2ef6ee2ad876206fbbe2a884554bba2d0faf59"
  integrity sha512-cy88YpfP5Ue2bDBbj75Cb4bIEZUMM/mAkDMfqDTpUYVgTf/kuQ2VQ8LebuZ8k6EudgH8pYhsGWHlY0lcxlvTwA==
  dependencies:
    "@vue/runtime-core" "3.2.45"
    "@vue/shared" "3.2.45"
    csstype "^2.6.8"

"@vue/server-renderer@3.2.45":
  version "3.2.45"
  resolved "https://registry.yarnpkg.com/@vue/server-renderer/-/server-renderer-3.2.45.tgz#ca9306a0c12b0530a1a250e44f4a0abac6b81f3f"
  integrity sha512-ebiMq7q24WBU1D6uhPK//2OTR1iRIyxjF5iVq/1a5I1SDMDyDu4Ts6fJaMnjrvD3MqnaiFkKQj+LKAgz5WIK3g==
  dependencies:
    "@vue/compiler-ssr" "3.2.45"
    "@vue/shared" "3.2.45"

"@vue/shared@3.2.45":
  version "3.2.45"
  resolved "https://registry.yarnpkg.com/@vue/shared/-/shared-3.2.45.tgz#a3fffa7489eafff38d984e23d0236e230c818bc2"
  integrity sha512-Ewzq5Yhimg7pSztDV+RH1UDKBzmtqieXQlpTVm2AwraoRL/Rks96mvd8Vgi7Lj+h+TH8dv7mXD3FRZR3TUvbSg==

"@vueuse/head@^1.0.20":
  version "1.0.20"
  resolved "https://registry.yarnpkg.com/@vueuse/head/-/head-1.0.20.tgz#4204ee98fcaa7615a3524d8d6d5a1abb436247d4"
  integrity sha512-mqQw4Gr+N/ZWwBAcMDCZ79qTj8Fmjv1NQnR/NOkn23+w6UhS6cUQbZlgzKZa1ITy4jdE6m9vMOU1DALLhJwzhQ==
  dependencies:
    "@unhead/dom" "^1.0.7"
    "@unhead/schema" "^1.0.7"
    "@unhead/ssr" "^1.0.7"
    "@unhead/vue" "^1.0.7"

"@vueuse/schema-org-vite@^1.1.0-beta.6":
  version "1.1.0-beta.6"
  resolved "https://registry.yarnpkg.com/@vueuse/schema-org-vite/-/schema-org-vite-1.1.0-beta.6.tgz#7bf55b3de8097051c15220314f7351a7bef9213c"
  integrity sha512-4bH9EE+iIffY15Z57Mu0O/i+d8oIlxEt0E9PacXLZQNVqOKbW35RadkrDHVDwWxEBEUMPIbM8gM/36S4Rn6JGA==
  dependencies:
    "@vueuse/schema-org" "1.1.0-beta.6"
    schema-dts "^1.1.0"

"@vueuse/schema-org@1.1.0-beta.6":
  version "1.1.0-beta.6"
  resolved "https://registry.yarnpkg.com/@vueuse/schema-org/-/schema-org-1.1.0-beta.6.tgz#4aa0c948f320e79da4bac7569fb725ce652e8f7c"
  integrity sha512-XS7ayZzDOovwzxI+YSANSEgN8wz3ZaXV3n4rRePsdg5Rp8+Uk5cZ7r/WCOaGoKe7u/q1jLsyOHErRMJin+7cqA==
  dependencies:
    "@rollup/pluginutils" "^5.0.2"
    magic-string "^0.26.7"
    mlly "^0.5.16"
    pathe "^0.3.9"
    pkg-types "^0.3.6"
    schema-dts "^1.1.0"
    schema-org-graph-js "0.5.1"
    unplugin "^0.10.2"
    unplugin-ast "^0.5.5"

"@zhead/schema@^1.0.7":
  version "1.0.7"
  resolved "https://registry.yarnpkg.com/@zhead/schema/-/schema-1.0.7.tgz#229d03af31025a02b2de02a7b065542d7121e0df"
  integrity sha512-jN2ipkz39YrHd8uulgw/Y7x8iOxvR/cTkin/E9zRQVP5JBIrrJMiGyFFj6JBW4Q029xJ5dKtpwy/3RZWpz+dkQ==

acorn@^8.8.0, acorn@^8.8.1:
  version "8.8.1"
  resolved "https://registry.yarnpkg.com/acorn/-/acorn-8.8.1.tgz#0a3f9cbecc4ec3bea6f0a80b66ae8dd2da250b73"
  integrity sha512-7zFpHzhnqYKrkYdUjF1HI1bzd0VygEGX8lFk4k5zVMqHEoES+P+7TKI+EvLO9WVMJ8eekdO0aDEK044xTXwPPA==

anymatch@~3.1.2:
  version "3.1.3"
  resolved "https://registry.yarnpkg.com/anymatch/-/anymatch-3.1.3.tgz#790c58b19ba1720a84205b57c618d5ad8524973e"
  integrity sha512-KMReFUr0B4t+D+OBkjR3KYqvocp2XaSzO55UcB6mgQMd3KbcE+mWTyvVV7D/zsdEbNnV6acZUutkiHQXvTr1Rw==
  dependencies:
    normalize-path "^3.0.0"
    picomatch "^2.0.4"

binary-extensions@^2.0.0:
  version "2.2.0"
  resolved "https://registry.yarnpkg.com/binary-extensions/-/binary-extensions-2.2.0.tgz#75f502eeaf9ffde42fc98829645be4ea76bd9e2d"
  integrity sha512-jDctJ/IVQbZoJykoeHbhXpOlNBqGNcwXJKJog42E5HDPUwQTSdjCHdihjj0DlnheQ7blbT6dHOafNAiS8ooQKA==

braces@~3.0.2:
  version "3.0.2"
  resolved "https://registry.yarnpkg.com/braces/-/braces-3.0.2.tgz#3454e1a462ee8d599e236df336cd9ea4f8afe107"
  integrity sha512-b8um+L1RzM3WDSzvhm6gIz1yfTbBt6YTlcEKAvsmqCZZFw46z626lVj9j1yEPW33H5H+lBQpZMP1k8l+78Ha0A==
  dependencies:
    fill-range "^7.0.1"

chokidar@^3.5.3:
  version "3.5.3"
  resolved "https://registry.yarnpkg.com/chokidar/-/chokidar-3.5.3.tgz#1cf37c8707b932bd1af1ae22c0432e2acd1903bd"
  integrity sha512-Dr3sfKRP6oTcjf2JmUmFJfeVMvXBdegxB0iVQ5eb2V10uFJUCAS8OByZdVAyVb8xXNz3GjjTgj9kLWsZTqE6kw==
  dependencies:
    anymatch "~3.1.2"
    braces "~3.0.2"
    glob-parent "~5.1.2"
    is-binary-path "~2.1.0"
    is-glob "~4.0.1"
    normalize-path "~3.0.0"
    readdirp "~3.6.0"
  optionalDependencies:
    fsevents "~2.3.2"

csstype@^2.6.8:
  version "2.6.21"
  resolved "https://registry.yarnpkg.com/csstype/-/csstype-2.6.21.tgz#2efb85b7cc55c80017c66a5ad7cbd931fda3a90e"
  integrity sha512-Z1PhmomIfypOpoMjRQB70jfvy/wxT50qW08YXO5lMIJkrdq4yOTR+AW7FqutScmB9NkLwxo+jU+kZLbofZZq/w==

defu@^6.1.0:
  version "6.1.1"
  resolved "https://registry.yarnpkg.com/defu/-/defu-6.1.1.tgz#a12c712349197c545dc61d3cd3b607b4cc7ef0c1"
  integrity sha512-aA964RUCsBt0FGoNIlA3uFgo2hO+WWC0fiC6DBps/0SFzkKcYoM/3CzVLIa5xSsrFjdioMdYgAIbwo80qp2MoA==

esbuild-android-64@0.15.17:
  version "0.15.17"
  resolved "https://registry.yarnpkg.com/esbuild-android-64/-/esbuild-android-64-0.15.17.tgz#3e639a064b275a5e9aaa02a2f4ea0e1d2d875fc9"
  integrity sha512-sUs6cKMAuAyWnJ/66ezWVr9SMRGFSwoMagxzdhXYggSA12zF7krXSuc1Y9JwxHq56wtv/gFAVo97TFm7RBc1Ig==

esbuild-android-arm64@0.15.17:
  version "0.15.17"
  resolved "https://registry.yarnpkg.com/esbuild-android-arm64/-/esbuild-android-arm64-0.15.17.tgz#c863d99723e219bda5336352002530d3fdcc62bf"
  integrity sha512-RLZuCgIx1rexwxwsXTEW40ZiZzdBI1MBphwDRFyms/iiJGwLxqCH7v75iSJk5s6AF6oa80KC6r/RmzyaX/uJNg==

esbuild-darwin-64@0.15.17:
  version "0.15.17"
  resolved "https://registry.yarnpkg.com/esbuild-darwin-64/-/esbuild-darwin-64-0.15.17.tgz#2c68c9cf85235a5e79b3936c12dfee1ce4aafa55"
  integrity sha512-+6RTCZ0hfAb+RqTNq1uVsBcP441yZOSi6CyV9BIBryGGVg8RM3Bc6L45e5b68jdRloddN92ekS50e4ElI+cHQA==

esbuild-darwin-arm64@0.15.17:
  version "0.15.17"
  resolved "https://registry.yarnpkg.com/esbuild-darwin-arm64/-/esbuild-darwin-arm64-0.15.17.tgz#3d277785acea953e0bb23e21c5df536341055aad"
  integrity sha512-ne4UWUHEKWLgYSE5SLr0/TBcID3k9LPnrzzRXzFLTfD+ygjnW1pMEgdMfmOKIe8jYBUYv8x/YoksriTdQb9r/Q==

esbuild-freebsd-64@0.15.17:
  version "0.15.17"
  resolved "https://registry.yarnpkg.com/esbuild-freebsd-64/-/esbuild-freebsd-64-0.15.17.tgz#d8727eada6b84ad27be448ec9da461497a497289"
  integrity sha512-6my3DrwLOe1zhR8UzVRKeo9AFM9XkApJBcx0IE+qKaEbKKBxYAiDBtd2ZMtRA2agqIwRP0kuHofTiDEzpfA+ZA==

esbuild-freebsd-arm64@0.15.17:
  version "0.15.17"
  resolved "https://registry.yarnpkg.com/esbuild-freebsd-arm64/-/esbuild-freebsd-arm64-0.15.17.tgz#441ee277b908e068f5780f829c13d999328143ab"
  integrity sha512-LQL7+f+bz+xmAu1FcDBB304Wm2CjONUcOeF4f3TqG7wYXMxjjYQZBFv+0OVapNXyYrM2vy9JMDbps+SheuOnHg==

esbuild-linux-32@0.15.17:
  version "0.15.17"
  resolved "https://registry.yarnpkg.com/esbuild-linux-32/-/esbuild-linux-32-0.15.17.tgz#6109df781f8f5a02792d6aa457a727485b9972c7"
  integrity sha512-7E9vZXMZhINQ4/KcxBxioJ2ao5gbXJ6Pa4/LEUd102g3gadSalpg0LrityFgw7ao6qmjcNWwdEYrXaDnOzyyYA==

esbuild-linux-64@0.15.17:
  version "0.15.17"
  resolved "https://registry.yarnpkg.com/esbuild-linux-64/-/esbuild-linux-64-0.15.17.tgz#67a9f35edcf45768d7f460c3981a2c8ec14274e2"
  integrity sha512-TnedHtFQSUVlc0J0D4ZMMalYaQ0Zbt7HSwGy4sav7BlXVqDVc/rchJ/a9dathK51apzLgRyXQMseLf6bkloaSQ==

esbuild-linux-arm64@0.15.17:
  version "0.15.17"
  resolved "https://registry.yarnpkg.com/esbuild-linux-arm64/-/esbuild-linux-arm64-0.15.17.tgz#8f0277990429c0ded773d704ce94eec969d5eca6"
  integrity sha512-oupYfh0lTHg+F/2ZoTNrioB+KLd6x0Zlhjz2Oa1jhl8wCGkNvwe25RytR2/SGPYpoNVcvCeoayWQRwwRuWGgfQ==

esbuild-linux-arm@0.15.17:
  version "0.15.17"
  resolved "https://registry.yarnpkg.com/esbuild-linux-arm/-/esbuild-linux-arm-0.15.17.tgz#05470e182cfaa4677090a54db96253a2a319e5dc"
  integrity sha512-+ugCmBTTDIlh+UuC7E/GvyJqjGTX2pNOA+g3isG78aYcfgswrHjvstTtIfljaU95AS30qrVNLgI5h/8TsRWTrg==

esbuild-linux-mips64le@0.15.17:
  version "0.15.17"
  resolved "https://registry.yarnpkg.com/esbuild-linux-mips64le/-/esbuild-linux-mips64le-0.15.17.tgz#0e806ef7e0b7148fe9944d736e7e72c40f2bfec0"
  integrity sha512-aUVyHwUXJF1hi9jsAT+At+cBxZh2yGICi/e757N6d/zzOD+eVK3PKQj68tAvIflx6/ZpnuCTKol1GpgGYrzERg==

esbuild-linux-ppc64le@0.15.17:
  version "0.15.17"
  resolved "https://registry.yarnpkg.com/esbuild-linux-ppc64le/-/esbuild-linux-ppc64le-0.15.17.tgz#9c2b392efd372ddc2ac4e7d2cfd1d2b993a3031d"
  integrity sha512-i7789iFTLfLccHPNADCbaZPx9CuQblsBqv2j4XqIBN1jKIJbpQ8iqCkWoHep4PLqqKLtBLtTWh919GsrFGdeJA==

esbuild-linux-riscv64@0.15.17:
  version "0.15.17"
  resolved "https://registry.yarnpkg.com/esbuild-linux-riscv64/-/esbuild-linux-riscv64-0.15.17.tgz#ac803768edebef91070891753565bf9ce25ece77"
  integrity sha512-fEQ/8tnZ2sDniBlPfTXEdg+0OP1olps96HvYdwl8ywJdAlD7AK761EL3lRbRdfMHNOId2N6+CVca43/Fiu/0AQ==

esbuild-linux-s390x@0.15.17:
  version "0.15.17"
  resolved "https://registry.yarnpkg.com/esbuild-linux-s390x/-/esbuild-linux-s390x-0.15.17.tgz#ac70e5326c16ef8b2b89d72b54c44c0c99d15401"
  integrity sha512-ZBQekST4gYgTKHAvUJtR1kFFulHTDlRZSE8T0wRQCmQqydNkC1teWxlR31xS6MZevjZGfa7OMVJD24bBhei/2Q==

esbuild-netbsd-64@0.15.17:
  version "0.15.17"
  resolved "https://registry.yarnpkg.com/esbuild-netbsd-64/-/esbuild-netbsd-64-0.15.17.tgz#14eec8ded46e1d7ca564c81cf0ecd3cfbdeb89db"
  integrity sha512-onNBFaZVN9GzGJMm3aZJJv74n/Q8FjW20G9OfSDhHjvamqJ5vbd42hNk6igQX4lgBCHTZvvBlWDJAMy+tbJAAw==

esbuild-openbsd-64@0.15.17:
  version "0.15.17"
  resolved "https://registry.yarnpkg.com/esbuild-openbsd-64/-/esbuild-openbsd-64-0.15.17.tgz#363e1a96e402ad1a8a35bf8a3f7b64b8703fa1de"
  integrity sha512-QFxHmvjaRrmTCvH/A3EmzqKUSZHRQ7/pbrJeATsb/Q6qckCeL9e7zg/1A3HiZqDXeBUV3yNeBeV1GJBjY6yVyA==

esbuild-sunos-64@0.15.17:
  version "0.15.17"
  resolved "https://registry.yarnpkg.com/esbuild-sunos-64/-/esbuild-sunos-64-0.15.17.tgz#0d6def4f946f4b585845373010a8d35310356ed0"
  integrity sha512-7dHZA8Kc6U8rBTKojJatXtzHTUKJ3CRYimvOGIQQ1yUDOqGx/zZkCH/HkEi3Zg5SWyDj/57E5e1YJPo4ySSw/w==

esbuild-windows-32@0.15.17:
  version "0.15.17"
  resolved "https://registry.yarnpkg.com/esbuild-windows-32/-/esbuild-windows-32-0.15.17.tgz#3e5260f46c6a1cb0fafcb4c7c5aa1371ca0f525d"
  integrity sha512-yDrNrwQ/0k4N3OZItZ6k6YnBUch8+of06YRYc3hFI8VDm7X1rkNZwhttZNAzF6+TtbnK4cIz7H2/EwdSoaGZ3g==

esbuild-windows-64@0.15.17:
  version "0.15.17"
  resolved "https://registry.yarnpkg.com/esbuild-windows-64/-/esbuild-windows-64-0.15.17.tgz#d313f92c3dcc191d14d5d06a6722ae250c158aeb"
  integrity sha512-jPnXvB4zMMToNPpCBdt+OEQiYFVs9wlQ5G8vMoJkrYJBp1aEt070MRpBFa6pfBFrgXquqgUiNAohMcTdy+JVFg==

esbuild-windows-arm64@0.15.17:
  version "0.15.17"
  resolved "https://registry.yarnpkg.com/esbuild-windows-arm64/-/esbuild-windows-arm64-0.15.17.tgz#7ad50ae269a490c3b12c3128fb67d91ec2caf869"
  integrity sha512-I5QeSsz0X66V8rxVhmw03Wzn8Tz63H3L9GrsA7C5wvBXMk3qahLWuEL+l7SZ2DleKkFeZZMu1dPxOak9f1TZ4A==

esbuild@^0.15.9:
  version "0.15.17"
  resolved "https://registry.yarnpkg.com/esbuild/-/esbuild-0.15.17.tgz#9a4e1e78898968afbdce4325e3b941cb7378ee42"
  integrity sha512-8MbkDX+kh0kaeYGd6klMbn1uTOXHoDw7UYMd1dQYA5cqBZivf5+pzfaXZSL1RNamJfXW/uWC5+9wX5ejDgpSqg==
  optionalDependencies:
    "@esbuild/android-arm" "0.15.17"
    "@esbuild/linux-loong64" "0.15.17"
    esbuild-android-64 "0.15.17"
    esbuild-android-arm64 "0.15.17"
    esbuild-darwin-64 "0.15.17"
    esbuild-darwin-arm64 "0.15.17"
    esbuild-freebsd-64 "0.15.17"
    esbuild-freebsd-arm64 "0.15.17"
    esbuild-linux-32 "0.15.17"
    esbuild-linux-64 "0.15.17"
    esbuild-linux-arm "0.15.17"
    esbuild-linux-arm64 "0.15.17"
    esbuild-linux-mips64le "0.15.17"
    esbuild-linux-ppc64le "0.15.17"
    esbuild-linux-riscv64 "0.15.17"
    esbuild-linux-s390x "0.15.17"
    esbuild-netbsd-64 "0.15.17"
    esbuild-openbsd-64 "0.15.17"
    esbuild-sunos-64 "0.15.17"
    esbuild-windows-32 "0.15.17"
    esbuild-windows-64 "0.15.17"
    esbuild-windows-arm64 "0.15.17"

estree-walker@^2.0.1, estree-walker@^2.0.2:
  version "2.0.2"
  resolved "https://registry.yarnpkg.com/estree-walker/-/estree-walker-2.0.2.tgz#52f010178c2a4c117a7757cfe942adb7d2da4cac"
  integrity sha512-Rfkk/Mp/DL7JVje3u18FxFujQlTNR2q6QfMSMB7AvCBx91NGj/ba3kCfza0f6dVDbw7YlRf/nDrn7pQrCCyQ/w==

fill-range@^7.0.1:
  version "7.0.1"
  resolved "https://registry.yarnpkg.com/fill-range/-/fill-range-7.0.1.tgz#1919a6a7c75fe38b2c7c77e5198535da9acdda40"
  integrity sha512-qOo9F+dMUmC2Lcb4BbVvnKJxTPjCm+RRpe4gDuGrzkL7mEVl/djYSu2OdQ2Pa302N4oqkSg9ir6jaLWJ2USVpQ==
  dependencies:
    to-regex-range "^5.0.1"

fsevents@~2.3.2:
  version "2.3.2"
  resolved "https://registry.yarnpkg.com/fsevents/-/fsevents-2.3.2.tgz#8a526f78b8fdf4623b709e0b975c52c24c02fd1a"
  integrity sha512-xiqMQR4xAeHTuB9uWm+fFRcIOgKBMiOBP+eXiyT7jsgVCq1bkVygt00oASowB7EdtpOHaaPgKt812P9ab+DDKA==

function-bind@^1.1.1:
  version "1.1.1"
  resolved "https://registry.yarnpkg.com/function-bind/-/function-bind-1.1.1.tgz#a56899d3ea3c9bab874bb9773b7c5ede92f4895d"
  integrity sha512-yIovAzMX49sF8Yl58fSCWJ5svSLuaibPxXQJFLmBObTuCr0Mf1KiPopGM9NiFjiYBCbfaa2Fh6breQ6ANVTI0A==

glob-parent@~5.1.2:
  version "5.1.2"
  resolved "https://registry.yarnpkg.com/glob-parent/-/glob-parent-5.1.2.tgz#869832c58034fe68a4093c17dc15e8340d8401c4"
  integrity sha512-AOIgSQCepiJYwP3ARnGx+5VnTu2HBYdzbGP45eLw1vr3zB3vZLeyed1sC9hnbcOc9/SrMyM5RPQrkGz4aS9Zow==
  dependencies:
    is-glob "^4.0.1"

has@^1.0.3:
  version "1.0.3"
  resolved "https://registry.yarnpkg.com/has/-/has-1.0.3.tgz#722d7cbfc1f6aa8241f16dd814e011e1f41e8796"
  integrity sha512-f2dvO0VU6Oej7RkWJGrehjbzMAjFp5/VKPp5tTpWIV4JHHZK1/BxbFRtf/siA2SWTe09caDmVtYYzWEIbBS4zw==
  dependencies:
    function-bind "^1.1.1"

hookable@^5.4.2:
  version "5.4.2"
  resolved "https://registry.yarnpkg.com/hookable/-/hookable-5.4.2.tgz#6a1d3c4b3cb5b4262f99b3070ce0ee92c9c78049"
  integrity sha512-6rOvaUiNKy9lET1X0ECnyZ5O5kSV0PJbtA5yZUgdEF7fGJEVwSLSislltyt7nFwVVALYHQJtfGeAR2Y0A0uJkg==

is-binary-path@~2.1.0:
  version "2.1.0"
  resolved "https://registry.yarnpkg.com/is-binary-path/-/is-binary-path-2.1.0.tgz#ea1f7f3b80f064236e83470f86c09c254fb45b09"
  integrity sha512-ZMERYes6pDydyuGidse7OsHxtbI7WVeUEozgR/g7rd0xUimYNlvZRE/K2MgZTjWy725IfelLeVcEM97mmtRGXw==
  dependencies:
    binary-extensions "^2.0.0"

is-core-module@^2.9.0:
  version "2.11.0"
  resolved "https://registry.yarnpkg.com/is-core-module/-/is-core-module-2.11.0.tgz#ad4cb3e3863e814523c96f3f58d26cc570ff0144"
  integrity sha512-RRjxlvLDkD1YJwDbroBHMb+cukurkDWNyHx7D3oNB5x9rb5ogcksMC5wHCadcXoo67gVr/+3GFySh3134zi6rw==
  dependencies:
    has "^1.0.3"

is-extglob@^2.1.1:
  version "2.1.1"
  resolved "https://registry.yarnpkg.com/is-extglob/-/is-extglob-2.1.1.tgz#a88c02535791f02ed37c76a1b9ea9773c833f8c2"
  integrity sha512-SbKbANkN603Vi4jEZv49LeVJMn4yGwsbzZworEoyEiutsN3nJYdbO36zfhGJ6QEDpOZIFkDtnq5JRxmvl3jsoQ==

is-glob@^4.0.1, is-glob@~4.0.1:
  version "4.0.3"
  resolved "https://registry.yarnpkg.com/is-glob/-/is-glob-4.0.3.tgz#64f61e42cbbb2eec2071a9dac0b28ba1e65d5084"
  integrity sha512-xelSayHH36ZgE7ZWhli7pW34hNbNl8Ojv5KVmkJD4hBdD3th8Tfk9vYasLM+mXWOZhFkgZfxhLSnrwRr4elSSg==
  dependencies:
    is-extglob "^2.1.1"

is-number@^7.0.0:
  version "7.0.0"
  resolved "https://registry.yarnpkg.com/is-number/-/is-number-7.0.0.tgz#7535345b896734d5f80c4d06c50955527a14f12b"
  integrity sha512-41Cifkg6e8TylSpdtTpeLVMqvSBEVzTttHvERD741+pnZ8ANv0004MRL43QKPDlK9cGvNp6NZWZUBlbGXYxxng==

jsonc-parser@^3.2.0:
  version "3.2.0"
  resolved "https://registry.yarnpkg.com/jsonc-parser/-/jsonc-parser-3.2.0.tgz#31ff3f4c2b9793f89c67212627c51c6394f88e76"
  integrity sha512-gfFQZrcTc8CnKXp6Y4/CBT3fTc0OVuDofpre4aEeEpSBPV5X5v4+Vmx+8snU7RLPrNHPKSgLxGo9YuQzz20o+w==

magic-string@^0.25.7:
  version "0.25.9"
  resolved "https://registry.yarnpkg.com/magic-string/-/magic-string-0.25.9.tgz#de7f9faf91ef8a1c91d02c2e5314c8277dbcdd1c"
  integrity sha512-RmF0AsMzgt25qzqqLc1+MbHmhdx0ojF2Fvs4XnOqz2ZOBXzzkEwc/dJQZCYHAn7v1jbVOjAZfK8msRn4BxO4VQ==
  dependencies:
    sourcemap-codec "^1.4.8"

magic-string@^0.26.7:
  version "0.26.7"
  resolved "https://registry.yarnpkg.com/magic-string/-/magic-string-0.26.7.tgz#caf7daf61b34e9982f8228c4527474dac8981d6f"
  integrity sha512-hX9XH3ziStPoPhJxLq1syWuZMxbDvGNbVchfrdCtanC7D13888bMFow61x8axrx+GfHLtVeAx2kxL7tTGRl+Ow==
  dependencies:
    sourcemap-codec "^1.4.8"

mlly@^0.5.16:
  version "0.5.17"
  resolved "https://registry.yarnpkg.com/mlly/-/mlly-0.5.17.tgz#26e05a66b0adf809767a38d8b3a885db0502f5c0"
  integrity sha512-Rn+ai4G+CQXptDFSRNnChEgNr+xAEauYhwRvpPl/UHStTlgkIftplgJRsA2OXPuoUn86K4XAjB26+x5CEvVb6A==
  dependencies:
    acorn "^8.8.1"
    pathe "^1.0.0"
    pkg-types "^1.0.0"
    ufo "^1.0.0"

mlly@^1.0.0:
  version "1.0.0"
  resolved "https://registry.yarnpkg.com/mlly/-/mlly-1.0.0.tgz#d38ca6e33ab89b60654f71ef08931d51e83d3569"
  integrity sha512-QL108Hwt+u9bXdWgOI0dhzZfACovn5Aen4Xvc8Jasd9ouRH4NjnrXEiyP3nVvJo91zPlYjVRckta0Nt2zfoR6g==
  dependencies:
    acorn "^8.8.1"
    pathe "^1.0.0"
    pkg-types "^1.0.0"
    ufo "^1.0.0"

nanoid@^3.3.4:
  version "3.3.4"
  resolved "https://registry.yarnpkg.com/nanoid/-/nanoid-3.3.4.tgz#730b67e3cd09e2deacf03c027c81c9d9dbc5e8ab"
  integrity sha512-MqBkQh/OHTS2egovRtLk45wEyNXwF+cokD+1YPf9u5VfJiRdAiRwB2froX5Co9Rh20xs4siNPm8naNotSD6RBw==

normalize-path@^3.0.0, normalize-path@~3.0.0:
  version "3.0.0"
  resolved "https://registry.yarnpkg.com/normalize-path/-/normalize-path-3.0.0.tgz#0dcd69ff23a1c9b11fd0978316644a0388216a65"
  integrity sha512-6eZs5Ls3WtCisHWp9S2GUy8dqkpGi4BVSz3GaqiE6ezub0512ESztXUwUB6C6IKbQkY2Pnb/mD4WYojCRwcwLA==

ohash@^0.1.5:
  version "0.1.5"
  resolved "https://registry.yarnpkg.com/ohash/-/ohash-0.1.5.tgz#7ba53b68c41fc72612ed75942b8f6da3b5d5bbda"
  integrity sha512-qynly1AFIpGWEAW88p6DhMNqok/Swb52/KsiU+Toi7er058Ptvno3tkfTML6wYcEgFgp2GsUziW4Nqn62ciuyw==

path-parse@^1.0.7:
  version "1.0.7"
  resolved "https://registry.yarnpkg.com/path-parse/-/path-parse-1.0.7.tgz#fbc114b60ca42b30d9daf5858e4bd68bbedb6735"
  integrity sha512-LDJzPVEEEPR+y48z93A0Ed0yXb8pAByGWo/k5YYdYgpY2/2EsOsksJrq7lOHxryrVOn1ejG6oAp8ahvOIQD8sw==

pathe@^0.3.9:
  version "0.3.9"
  resolved "https://registry.yarnpkg.com/pathe/-/pathe-0.3.9.tgz#4baff768f37f03e3d9341502865fb93116f65191"
  integrity sha512-6Y6s0vT112P3jD8dGfuS6r+lpa0qqNrLyHPOwvXMnyNTQaYiwgau2DP3aNDsR13xqtGj7rrPo+jFUATpU6/s+g==

pathe@^1.0.0:
  version "1.0.0"
  resolved "https://registry.yarnpkg.com/pathe/-/pathe-1.0.0.tgz#135fc11464fc57c84ef93d5c5ed21247e24571df"
  integrity sha512-nPdMG0Pd09HuSsr7QOKUXO2Jr9eqaDiZvDwdyIhNG5SHYujkQHYKDfGQkulBxvbDHz8oHLsTgKN86LSwYzSHAg==

picocolors@^1.0.0:
  version "1.0.0"
  resolved "https://registry.yarnpkg.com/picocolors/-/picocolors-1.0.0.tgz#cb5bdc74ff3f51892236eaf79d68bc44564ab81c"
  integrity sha512-1fygroTLlHu66zi26VoTDv8yRgm0Fccecssto+MhsZ0D/DGW2sm8E8AjW7NU5VVTRt5GxbeZ5qBuJr+HyLYkjQ==

picomatch@^2.0.4, picomatch@^2.2.1, picomatch@^2.2.2, picomatch@^2.3.1:
  version "2.3.1"
  resolved "https://registry.yarnpkg.com/picomatch/-/picomatch-2.3.1.tgz#3ba3833733646d9d3e4995946c1365a67fb07a42"
  integrity sha512-JU3teHTNjmE2VCGFzuY8EXzCDVwEqB2a8fsIvwaStHhAWJEeVd1o1QD80CU6+ZdEXXSLbSsuLwJjkCBWqRQUVA==

pkg-types@^0.3.6:
  version "0.3.6"
  resolved "https://registry.yarnpkg.com/pkg-types/-/pkg-types-0.3.6.tgz#6643f45d029539146b99ccbb9f32d21e62a58a9c"
  integrity sha512-uQZutkkh6axl1GxDm5/+8ivVdwuJ5pyDGqJeSiIWIUWIqYiK3p9QKozN/Rv6eVvFoeSWkN1uoYeSDBwwBJBtbg==
  dependencies:
    jsonc-parser "^3.2.0"
    mlly "^0.5.16"
    pathe "^0.3.9"

pkg-types@^1.0.0:
  version "1.0.1"
  resolved "https://registry.yarnpkg.com/pkg-types/-/pkg-types-1.0.1.tgz#25234407f9dc63409af45ced9407625ff446a761"
  integrity sha512-jHv9HB+Ho7dj6ItwppRDDl0iZRYBD0jsakHXtFgoLr+cHSF6xC+QL54sJmWxyGxOLYSHm0afhXhXcQDQqH9z8g==
  dependencies:
    jsonc-parser "^3.2.0"
    mlly "^1.0.0"
    pathe "^1.0.0"

postcss@^8.1.10, postcss@^8.4.18:
  version "8.4.19"
  resolved "https://registry.yarnpkg.com/postcss/-/postcss-8.4.19.tgz#61178e2add236b17351897c8bcc0b4c8ecab56fc"
  integrity sha512-h+pbPsyhlYj6N2ozBmHhHrs9DzGmbaarbLvWipMRO7RLS+v4onj26MPFXA5OBYFxyqYhUJK456SwDcY9H2/zsA==
  dependencies:
    nanoid "^3.3.4"
    picocolors "^1.0.0"
    source-map-js "^1.0.2"

readdirp@~3.6.0:
  version "3.6.0"
  resolved "https://registry.yarnpkg.com/readdirp/-/readdirp-3.6.0.tgz#74a370bd857116e245b29cc97340cd431a02a6c7"
  integrity sha512-hOS089on8RduqdbhvQ5Z37A0ESjsqz6qnRcffsMU3495FuTdqSm+7bhJ29JvIOsBDEEnan5DPu9t3To9VRlMzA==
  dependencies:
    picomatch "^2.2.1"

resolve@^1.22.1:
  version "1.22.1"
  resolved "https://registry.yarnpkg.com/resolve/-/resolve-1.22.1.tgz#27cb2ebb53f91abb49470a928bba7558066ac177"
  integrity sha512-nBpuuYuY5jFsli/JIs1oldw6fOQCBioohqWZg/2hiaOybXOft4lonv85uDOKXdf8rhyK159cxU5cDcK/NKk8zw==
  dependencies:
    is-core-module "^2.9.0"
    path-parse "^1.0.7"
    supports-preserve-symlinks-flag "^1.0.0"

rollup@^2.79.1:
  version "2.79.1"
  resolved "https://registry.yarnpkg.com/rollup/-/rollup-2.79.1.tgz#bedee8faef7c9f93a2647ac0108748f497f081c7"
  integrity sha512-uKxbd0IhMZOhjAiD5oAFp7BqvkA4Dv47qpOCtaNvng4HBwdbWtdOh8f5nZNuk2rp51PMGk3bzfWu5oayNEuYnw==
  optionalDependencies:
    fsevents "~2.3.2"

schema-dts@^1.1.0:
  version "1.1.0"
  resolved "https://registry.yarnpkg.com/schema-dts/-/schema-dts-1.1.0.tgz#33227971076ef1daa33e56a3127a8aae030e81c9"
  integrity sha512-vdmbs/5ycj4zyKpZIDqTcy+IZi4s7c38RVAYuDmRi7zgxUT8wRWPMLzg0jr7FjdVunYu9yZ00F3+XcZTTFcTOQ==

schema-org-graph-js@0.5.1:
  version "0.5.1"
  resolved "https://registry.yarnpkg.com/schema-org-graph-js/-/schema-org-graph-js-0.5.1.tgz#ab5a2f21bca6cbda9feaa2ea22b41f383616d6be"
  integrity sha512-Fo3MWh2JMe8OFIgsKJlJGxEcV0PIbf7LgoX12Gb8gzPoVPAOHD4R7Lz1OSnSpsPVopUQNwlRGqvx19llfgjVDg==
  dependencies:
    defu "^6.1.0"
    ohash "^0.1.5"
    schema-dts "^1.1.0"
    ufo "^0.8.5"
    utility-types "^3.10.0"

source-map-js@^1.0.2:
  version "1.0.2"
  resolved "https://registry.yarnpkg.com/source-map-js/-/source-map-js-1.0.2.tgz#adbc361d9c62df380125e7f161f71c826f1e490c"
  integrity sha512-R0XvVJ9WusLiqTCEiGCmICCMplcCkIwwR11mOSD9CR5u+IXYdiseeEuXCVAjS54zqwkLcPNnmU4OeJ6tUrWhDw==

source-map@^0.6.1:
  version "0.6.1"
  resolved "https://registry.yarnpkg.com/source-map/-/source-map-0.6.1.tgz#74722af32e9614e9c287a8d0bbde48b5e2f1a263"
  integrity sha512-UjgapumWlbMhkBgzT7Ykc5YXUT46F0iKu8SGXq0bcwP5dz/h0Plj6enJqjz1Zbq2l5WaqYnrVbwWOWMyF3F47g==

sourcemap-codec@^1.4.8:
  version "1.4.8"
  resolved "https://registry.yarnpkg.com/sourcemap-codec/-/sourcemap-codec-1.4.8.tgz#ea804bd94857402e6992d05a38ef1ae35a9ab4c4"
  integrity sha512-9NykojV5Uih4lgo5So5dtw+f0JgJX30KCNI8gwhz2J9A15wD0Ml6tjHKwf6fTSa6fAdVBdZeNOs9eJ71qCk8vA==

supports-preserve-symlinks-flag@^1.0.0:
  version "1.0.0"
  resolved "https://registry.yarnpkg.com/supports-preserve-symlinks-flag/-/supports-preserve-symlinks-flag-1.0.0.tgz#6eda4bd344a3c94aea376d4cc31bc77311039e09"
  integrity sha512-ot0WnXS9fgdkgIcePe6RHNk1WA8+muPa6cSjeR3V8K27q9BB1rTE3R1p7Hv0z1ZyAc8s6Vvv8DIyWf681MAt0w==

to-regex-range@^5.0.1:
  version "5.0.1"
  resolved "https://registry.yarnpkg.com/to-regex-range/-/to-regex-range-5.0.1.tgz#1648c44aae7c8d988a326018ed72f5b4dd0392e4"
  integrity sha512-65P7iz6X5yEr1cwcgvQxbbIw7Uk3gOy5dIdtZ4rDveLqhrdJP+Li/Hx6tyK0NEb+2GCyneCMJiGqrADCSNk8sQ==
  dependencies:
    is-number "^7.0.0"

ufo@^0.8.5:
  version "0.8.6"
  resolved "https://registry.yarnpkg.com/ufo/-/ufo-0.8.6.tgz#c0ec89bc0e0c9fa59a683680feb0f28b55ec323b"
  integrity sha512-fk6CmUgwKCfX79EzcDQQpSCMxrHstvbLswFChHS0Vump+kFkw7nJBfTZoC1j0bOGoY9I7R3n2DGek5ajbcYnOw==

ufo@^1.0.0:
  version "1.0.1"
  resolved "https://registry.yarnpkg.com/ufo/-/ufo-1.0.1.tgz#64ed43b530706bda2e4892f911f568cf4cf67d29"
  integrity sha512-boAm74ubXHY7KJQZLlXrtMz52qFvpsbOxDcZOnw/Wf+LS4Mmyu7JxmzD4tDLtUQtmZECypJ0FrCz4QIe6dvKRA==

unplugin-ast@^0.5.5:
  version "0.5.8"
  resolved "https://registry.yarnpkg.com/unplugin-ast/-/unplugin-ast-0.5.8.tgz#79298e625606c1df4b514060b2a1fe433dbefcf6"
  integrity sha512-e3uqBdFBWfgvigsCkav6MM11WEgjMt9k16/EpnqfDp8d8YQAjK92FYFyyOm1HRd4rOKC0XYIZtkwVsuFkTeUvw==
  dependencies:
    "@antfu/utils" "^0.6.3"
    "@babel/parser" "^7.20.3"
    "@rollup/pluginutils" "^4.2.1"
    magic-string "^0.26.7"
    unplugin "^1.0.0"

unplugin@^0.10.2:
  version "0.10.2"
  resolved "https://registry.yarnpkg.com/unplugin/-/unplugin-0.10.2.tgz#0f7089c3666f592cc448d746e39e7f41e9afb01a"
  integrity sha512-6rk7GUa4ICYjae5PrAllvcDeuT8pA9+j5J5EkxbMFaV+SalHhxZ7X2dohMzu6C3XzsMT+6jwR/+pwPNR3uK9MA==
  dependencies:
    acorn "^8.8.0"
    chokidar "^3.5.3"
    webpack-sources "^3.2.3"
    webpack-virtual-modules "^0.4.5"

unplugin@^1.0.0:
  version "1.0.0"
  resolved "https://registry.yarnpkg.com/unplugin/-/unplugin-1.0.0.tgz#8d12e0d116bf56313d42755094fc370e9c18da86"
  integrity sha512-H5UnBUxfhTXBXGo2AwKsl0UaLSHzSNDZNehPQSgdhVfO/t+XAS1Yoj3vmLrrlBrS9ZwtH5tejbX/TCp5DcyCKg==
  dependencies:
    acorn "^8.8.1"
    chokidar "^3.5.3"
    webpack-sources "^3.2.3"
    webpack-virtual-modules "^0.4.6"

utility-types@^3.10.0:
  version "3.10.0"
  resolved "https://registry.yarnpkg.com/utility-types/-/utility-types-3.10.0.tgz#ea4148f9a741015f05ed74fd615e1d20e6bed82b"
  integrity sha512-O11mqxmi7wMKCo6HKFt5AhO4BwY3VV68YU07tgxfz8zJTIxr4BpsezN49Ffwy9j3ZpwwJp4fkRwjRzq3uWE6Rg==

vite@^3.2.4:
  version "3.2.4"
  resolved "https://registry.yarnpkg.com/vite/-/vite-3.2.4.tgz#d8c7892dd4268064e04fffbe7d866207dd24166e"
  integrity sha512-Z2X6SRAffOUYTa+sLy3NQ7nlHFU100xwanq1WDwqaiFiCe+25zdxP1TfCS5ojPV2oDDcXudHIoPnI1Z/66B7Yw==
  dependencies:
    esbuild "^0.15.9"
    postcss "^8.4.18"
    resolve "^1.22.1"
    rollup "^2.79.1"
  optionalDependencies:
    fsevents "~2.3.2"

vue-router@^4.1.6:
  version "4.1.6"
  resolved "https://registry.yarnpkg.com/vue-router/-/vue-router-4.1.6.tgz#b70303737e12b4814578d21d68d21618469375a1"
  integrity sha512-DYWYwsG6xNPmLq/FmZn8Ip+qrhFEzA14EI12MsMgVxvHFDYvlr4NXpVF5hrRH1wVcDP8fGi5F4rxuJSl8/r+EQ==
  dependencies:
    "@vue/devtools-api" "^6.4.5"

vue@^3.2.45:
  version "3.2.45"
  resolved "https://registry.yarnpkg.com/vue/-/vue-3.2.45.tgz#94a116784447eb7dbd892167784619fef379b3c8"
  integrity sha512-9Nx/Mg2b2xWlXykmCwiTUCWHbWIj53bnkizBxKai1g61f2Xit700A1ljowpTIM11e3uipOeiPcSqnmBg6gyiaA==
  dependencies:
    "@vue/compiler-dom" "3.2.45"
    "@vue/compiler-sfc" "3.2.45"
    "@vue/runtime-dom" "3.2.45"
    "@vue/server-renderer" "3.2.45"
    "@vue/shared" "3.2.45"

webpack-sources@^3.2.3:
  version "3.2.3"
  resolved "https://registry.yarnpkg.com/webpack-sources/-/webpack-sources-3.2.3.tgz#2d4daab8451fd4b240cc27055ff6a0c2ccea0cde"
  integrity sha512-/DyMEOrDgLKKIG0fmvtz+4dUX/3Ghozwgm6iPp8KRhvn+eQf9+Q7GWxVNMk3+uCPWfdXYC4ExGBckIXdFEfH1w==

webpack-virtual-modules@^0.4.5, webpack-virtual-modules@^0.4.6:
  version "0.4.6"
  resolved "https://registry.yarnpkg.com/webpack-virtual-modules/-/webpack-virtual-modules-0.4.6.tgz#3e4008230731f1db078d9cb6f68baf8571182b45"
  integrity sha512-5tyDlKLqPfMqjT3Q9TAqf2YqjwmnUleZwzJi1A5qXnlBCdj2AtOJ6wAWdglTIDOPgOiOrXeBeFcsQ8+aGQ6QbA==
